
Microsoft Visual Studio Solution File, Format Version 12.00
# Visual Studio Version 17
VisualStudioVersion = 17.7.34024.191
MinimumVisualStudioVersion = 10.0.40219.1
Project("{FAE04EC0-301F-11D3-BF4B-00C04F79EFBC}") = "ConsoleCalculator", "ConsoleCalculator\ConsoleCalculator.csproj", "{5DC44F29-259A-4B3C-AB10-86AD427169B6}"
EndProject
Global
	GlobalSection(SolutionConfigurationPlatforms) = preSolution
		Debug|Any CPU = Debug|Any CPU
		Release|Any CPU = Release|Any CPU
	EndGlobalSection
	GlobalSection(ProjectConfigurationPlatforms) = postSolution
		{5DC44F29-259A-4B3C-AB10-86AD427169B6}.Debug|Any CPU.ActiveCfg = Debug|Any CPU
		{5DC44F29-259A-4B3C-AB10-86AD427169B6}.Debug|Any CPU.Build.0 = Debug|Any CPU
		{5DC44F29-259A-4B3C-AB10-86AD427169B6}.Release|Any CPU.ActiveCfg = Release|Any CPU
		{5DC44F29-259A-4B3C-AB10-86AD427169B6}.Release|Any CPU.Build.0 = Release|Any CPU
	EndGlobalSection
	GlobalSection(SolutionProperties) = preSolution
		HideSolutionNode = FALSE
	EndGlobalSection
	GlobalSection(ExtensibilityGlobals) = postSolution
		SolutionGuid = {A5400B7F-22C0-4B94-86B7-7B3F07619DA8}
	EndGlobalSection
EndGlobal
